{
  "name": "process-top",
  "version": "1.7.1",
  "lockfileVersion": 3,
  "requires": true,
  "packages": {
    "": {
      "name": "process-top",
      "version": "1.7.1",
      "license": "MIT",
      "dependencies": {
        "bare-hrtime": "^2.0.10",
        "bare-os": "^3.1.0",
        "event-loop-delay": "^1.1.0",
        "tiny-byte-size": "^1.1.0"
      },
      "bin": {
        "process-top": "bin.js"
      }
    },
    "node_modules/bare-hrtime": {
      "version": "2.1.1",
      "resolved": "https://registry.npmjs.org/bare-hrtime/-/bare-hrtime-2.1.1.tgz",
      "integrity": "sha512-VMb3tHo05gsnbu3OXTmkDiwTjMlOsbQmKoysKqKEyR09m77TuDrYFbj3Q5GGk10dAKsUHrnXmwCaeJqzVpB5ZA==",
      "license": "Apache-2.0"
    },
    "node_modules/bare-os": {
      "version": "3.6.2",
      "resolved": "https://registry.npmjs.org/bare-os/-/bare-os-3.6.2.tgz",
      "integrity": "sha512-T+V1+1srU2qYNBmJCXZkUY5vQ0B4FSlL3QDROnKQYOqeiQR8UbjNHlPa+TIbM4cuidiN9GaTaOZgSEgsvPbh5A==",
      "license": "Apache-2.0",
      "engines": {
        "bare": ">=1.14.0"
      }
    },
    "node_modules/event-loop-delay": {
      "version": "1.1.2",
      "resolved": "https://registry.npmjs.org/event-loop-delay/-/event-loop-delay-1.1.2.tgz",
      "integrity": "sha512-FyRV0Sz97ZRzdAueQp/E9ziBf6fLl+mDRuLFkbXejRYLhzaDCiLQ0Tir0XbxZE7Dx0iuabHbLv+G0BzbDGy+8Q==",
      "license": "MIT",
      "dependencies": {
        "bare-hrtime": "^2.0.9"
      }
    },
    "node_modules/tiny-byte-size": {
      "version": "1.1.0",
      "resolved": "https://registry.npmjs.org/tiny-byte-size/-/tiny-byte-size-1.1.0.tgz",
      "integrity": "sha512-OQ+i4RZzIQ0CR22DEr3G+ckRwN93R9UQMNqeym41Ntfj/dchPyWu1cuu8mvdCv61Ng3uOmNgX+8WesK1f37x+w==",
      "license": "MIT"
    }
  }
}
